
Microsoft Visual Studio Solution File, Format Version 12.00
# Visual Studio 15
VisualStudioVersion = 15.0.27130.2036
MinimumVisualStudioVersion = 10.0.40219.1
Project("{FAE04EC0-301F-11D3-BF4B-00C04F79EFBC}") = "Dynamo", "Dynamo\Dynamo.csproj", "{33D1C63E-1AD3-4C49-B51A-7D789654CD92}"
EndProject
Project("{FAE04EC0-301F-11D3-BF4B-00C04F79EFBC}") = "ValuesControllerTests", "ValuesControllerTests\ValuesControllerTests.csproj", "{5EFE4110-EF4A-4BEC-B32D-CB0F023F34A5}"
EndProject
Global
	GlobalSection(SolutionConfigurationPlatforms) = preSolution
		Debug|Any CPU = Debug|Any CPU
		Release|Any CPU = Release|Any CPU
	EndGlobalSection
	GlobalSection(ProjectConfigurationPlatforms) = postSolution
		{33D1C63E-1AD3-4C49-B51A-7D789654CD92}.Debug|Any CPU.ActiveCfg = Debug|Any CPU
		{33D1C63E-1AD3-4C49-B51A-7D789654CD92}.Debug|Any CPU.Build.0 = Debug|Any CPU
		{33D1C63E-1AD3-4C49-B51A-7D789654CD92}.Release|Any CPU.ActiveCfg = Release|Any CPU
		{33D1C63E-1AD3-4C49-B51A-7D789654CD92}.Release|Any CPU.Build.0 = Release|Any CPU
		{5EFE4110-EF4A-4BEC-B32D-CB0F023F34A5}.Debug|Any CPU.ActiveCfg = Debug|Any CPU
		{5EFE4110-EF4A-4BEC-B32D-CB0F023F34A5}.Debug|Any CPU.Build.0 = Debug|Any CPU
		{5EFE4110-EF4A-4BEC-B32D-CB0F023F34A5}.Release|Any CPU.ActiveCfg = Release|Any CPU
		{5EFE4110-EF4A-4BEC-B32D-CB0F023F34A5}.Release|Any CPU.Build.0 = Release|Any CPU
	EndGlobalSection
	GlobalSection(SolutionProperties) = preSolution
		HideSolutionNode = FALSE
	EndGlobalSection
	GlobalSection(ExtensibilityGlobals) = postSolution
		SolutionGuid = {44291289-4620-43A4-8EE1-9E46AC372993}
	EndGlobalSection
EndGlobal
